// !$*UTF8*$!
{
	archiveVersion = 1;
	classes = {
	};
	objectVersion = 55;
	objects = {

/* Begin PBXBuildFile section */
		4A4BD7C627FF5C11009F6B87 /* AppDelegate.swift in Sources */ = {isa = PBXBuildFile; fileRef = 4A4BD7C527FF5C11009F6B87 /* AppDelegate.swift */; };
		4A4BD7C827FF5C11009F6B87 /* SceneDelegate.swift in Sources */ = {isa = PBXBuildFile; fileRef = 4A4BD7C727FF5C11009F6B87 /* SceneDelegate.swift */; };
		4A4BD7CA27FF5C11009F6B87 /* HomeViewController.swift in Sources */ = {isa = PBXBuildFile; fileRef = 4A4BD7C927FF5C11009F6B87 /* HomeViewController.swift */; };
		4A4BD7CF27FF5C13009F6B87 /* Assets.xcassets in Resources */ = {isa = PBXBuildFile; fileRef = 4A4BD7CE27FF5C13009F6B87 /* Assets.xcassets */; };
		4A4BD7D227FF5C13009F6B87 /* LaunchScreen.storyboard in Resources */ = {isa = PBXBuildFile; fileRef = 4A4BD7D027FF5C13009F6B87 /* LaunchScreen.storyboard */; };
		4A4BD7DF27FF6363009F6B87 /* ProfileViewController.swift in Sources */ = {isa = PBXBuildFile; fileRef = 4A4BD7DE27FF6363009F6B87 /* ProfileViewController.swift */; };
		4A4BD7E127FF63A5009F6B87 /* TabBarViewController.swift in Sources */ = {isa = PBXBuildFile; fileRef = 4A4BD7E027FF63A5009F6B87 /* TabBarViewController.swift */; };
		4A4BD7E527FF643F009F6B87 /* SingInViewController.swift in Sources */ = {isa = PBXBuildFile; fileRef = 4A4BD7E427FF643F009F6B87 /* SingInViewController.swift */; };
		4A4BD7E727FF6452009F6B87 /* SignUpViewController.swift in Sources */ = {isa = PBXBuildFile; fileRef = 4A4BD7E627FF6452009F6B87 /* SignUpViewController.swift */; };
		4A4BD7E927FF6462009F6B87 /* ViewPostViewController.swift in Sources */ = {isa = PBXBuildFile; fileRef = 4A4BD7E827FF6462009F6B87 /* ViewPostViewController.swift */; };
		4A4BD7EB27FF6484009F6B87 /* CreateNewPostViewController.swift in Sources */ = {isa = PBXBuildFile; fileRef = 4A4BD7EA27FF6484009F6B87 /* CreateNewPostViewController.swift */; };
		4A4BD7ED27FF66A8009F6B87 /* IAPManager.swift in Sources */ = {isa = PBXBuildFile; fileRef = 4A4BD7EC27FF66A8009F6B87 /* IAPManager.swift */; };
		4A4BD7EF27FF66B6009F6B87 /* DatabaseManager.swift in Sources */ = {isa = PBXBuildFile; fileRef = 4A4BD7EE27FF66B6009F6B87 /* DatabaseManager.swift */; };
		4A4BD7F127FF66C8009F6B87 /* AuthManager.swift in Sources */ = {isa = PBXBuildFile; fileRef = 4A4BD7F027FF66C8009F6B87 /* AuthManager.swift */; };
		4A4BD7F327FF6739009F6B87 /* StorageManager.swift in Sources */ = {isa = PBXBuildFile; fileRef = 4A4BD7F227FF6739009F6B87 /* StorageManager.swift */; };
		5757E0594866E540E84BE88F /* Pods_BlogApp.framework in Frameworks */ = {isa = PBXBuildFile; fileRef = ED5F9335E0BF74E3326E5CB2 /* Pods_BlogApp.framework */; };
/* End PBXBuildFile section */

/* Begin PBXFileReference section */
		4A4BD7C227FF5C11009F6B87 /* BlogApp.app */ = {isa = PBXFileReference; explicitFileType = wrapper.application; includeInIndex = 0; path = BlogApp.app; sourceTree = BUILT_PRODUCTS_DIR; };
		4A4BD7C527FF5C11009F6B87 /* AppDelegate.swift */ = {isa = PBXFileReference; lastKnownFileType = sourcecode.swift; path = AppDelegate.swift; sourceTree = "<group>"; };
		4A4BD7C727FF5C11009F6B87 /* SceneDelegate.swift */ = {isa = PBXFileReference; lastKnownFileType = sourcecode.swift; path = SceneDelegate.swift; sourceTree = "<group>"; };
		4A4BD7C927FF5C11009F6B87 /* HomeViewController.swift */ = {isa = PBXFileReference; lastKnownFileType = sourcecode.swift; path = HomeViewController.swift; sourceTree = "<group>"; };
		4A4BD7CE27FF5C13009F6B87 /* Assets.xcassets */ = {isa = PBXFileReference; lastKnownFileType = folder.assetcatalog; path = Assets.xcassets; sourceTree = "<group>"; };
		4A4BD7D127FF5C13009F6B87 /* Base */ = {isa = PBXFileReference; lastKnownFileType = file.storyboard; name = Base; path = Base.lproj/LaunchScreen.storyboard; sourceTree = "<group>"; };
		4A4BD7D327FF5C13009F6B87 /* Info.plist */ = {isa = PBXFileReference; lastKnownFileType = text.plist.xml; path = Info.plist; sourceTree = "<group>"; };
		4A4BD7DE27FF6363009F6B87 /* ProfileViewController.swift */ = {isa = PBXFileReference; lastKnownFileType = sourcecode.swift; path = ProfileViewController.swift; sourceTree = "<group>"; };
		4A4BD7E027FF63A5009F6B87 /* TabBarViewController.swift */ = {isa = PBXFileReference; lastKnownFileType = sourcecode.swift; path = TabBarViewController.swift; sourceTree = "<group>"; };
		4A4BD7E427FF643F009F6B87 /* SingInViewController.swift */ = {isa = PBXFileReference; lastKnownFileType = sourcecode.swift; path = SingInViewController.swift; sourceTree = "<group>"; };
		4A4BD7E627FF6452009F6B87 /* SignUpViewController.swift */ = {isa = PBXFileReference; lastKnownFileType = sourcecode.swift; path = SignUpViewController.swift; sourceTree = "<group>"; };
		4A4BD7E827FF6462009F6B87 /* ViewPostViewController.swift */ = {isa = PBXFileReference; lastKnownFileType = sourcecode.swift; path = ViewPostViewController.swift; sourceTree = "<group>"; };
		4A4BD7EA27FF6484009F6B87 /* CreateNewPostViewController.swift */ = {isa = PBXFileReference; lastKnownFileType = sourcecode.swift; path = CreateNewPostViewController.swift; sourceTree = "<group>"; };
		4A4BD7EC27FF66A8009F6B87 /* IAPManager.swift */ = {isa = PBXFileReference; lastKnownFileType = sourcecode.swift; path = IAPManager.swift; sourceTree = "<group>"; };
		4A4BD7EE27FF66B6009F6B87 /* DatabaseManager.swift */ = {isa = PBXFileReference; lastKnownFileType = sourcecode.swift; path = DatabaseManager.swift; sourceTree = "<group>"; };
		4A4BD7F027FF66C8009F6B87 /* AuthManager.swift */ = {isa = PBXFileReference; lastKnownFileType = sourcecode.swift; path = AuthManager.swift; sourceTree = "<group>"; };
		4A4BD7F227FF6739009F6B87 /* StorageManager.swift */ = {isa = PBXFileReference; lastKnownFileType = sourcecode.swift; path = StorageManager.swift; sourceTree = "<group>"; };
		86AA1EF3386DF361F24039C0 /* Pods-BlogApp.debug.xcconfig */ = {isa = PBXFileReference; includeInIndex = 1; lastKnownFileType = text.xcconfig; name = "Pods-BlogApp.debug.xcconfig"; path = "Target Support Files/Pods-BlogApp/Pods-BlogApp.debug.xcconfig"; sourceTree = "<group>"; };
		D039952415B72C489A3FE522 /* Pods-BlogApp.release.xcconfig */ = {isa = PBXFileReference; includeInIndex = 1; lastKnownFileType = text.xcconfig; name = "Pods-BlogApp.release.xcconfig"; path = "Target Support Files/Pods-BlogApp/Pods-BlogApp.release.xcconfig"; sourceTree = "<group>"; };
		ED5F9335E0BF74E3326E5CB2 /* Pods_BlogApp.framework */ = {isa = PBXFileReference; explicitFileType = wrapper.framework; includeInIndex = 0; path = Pods_BlogApp.framework; sourceTree = BUILT_PRODUCTS_DIR; };
/* End PBXFileReference section */

/* Begin PBXFrameworksBuildPhase section */
		4A4BD7BF27FF5C11009F6B87 /* Frameworks */ = {
			isa = PBXFrameworksBuildPhase;
			buildActionMask = 2147483647;
			files = (
				5757E0594866E540E84BE88F /* Pods_BlogApp.framework in Frameworks */,
			);
			runOnlyForDeploymentPostprocessing = 0;
		};
/* End PBXFrameworksBuildPhase section */

/* Begin PBXGroup section */
		3B9B5951AE0E10A0EC3E96F9 /* Pods */ = {
			isa = PBXGroup;
			children = (
				86AA1EF3386DF361F24039C0 /* Pods-BlogApp.debug.xcconfig */,
				D039952415B72C489A3FE522 /* Pods-BlogApp.release.xcconfig */,
			);
			name = Pods;
			path = Pods;
			sourceTree = "<group>";
		};
		4A4BD7B927FF5C11009F6B87 = {
			isa = PBXGroup;
			children = (
				4A4BD7C427FF5C11009F6B87 /* BlogApp */,
				4A4BD7C327FF5C11009F6B87 /* Products */,
				3B9B5951AE0E10A0EC3E96F9 /* Pods */,
				A2A16BA82C3275DBC12E35F1 /* Frameworks */,
			);
			sourceTree = "<group>";
		};
		4A4BD7C327FF5C11009F6B87 /* Products */ = {
			isa = PBXGroup;
			children = (
				4A4BD7C227FF5C11009F6B87 /* BlogApp.app */,
			);
			name = Products;
			sourceTree = "<group>";
		};
		4A4BD7C427FF5C11009F6B87 /* BlogApp */ = {
			isa = PBXGroup;
			children = (
				4A4BD7DD27FF6268009F6B87 /* Managers */,
				4A4BD7DC27FF6263009F6B87 /* Utils */,
				4A4BD7DB27FF6258009F6B87 /* Controllers */,
				4A4BD7DA27FF6253009F6B87 /* Views */,
				4A4BD7D927FF624B009F6B87 /* Models */,
				4A4BD7D327FF5C13009F6B87 /* Info.plist */,
			);
			path = BlogApp;
			sourceTree = "<group>";
		};
		4A4BD7D927FF624B009F6B87 /* Models */ = {
			isa = PBXGroup;
			children = (
			);
			path = Models;
			sourceTree = "<group>";
		};
		4A4BD7DA27FF6253009F6B87 /* Views */ = {
			isa = PBXGroup;
			children = (
				4A4BD7D027FF5C13009F6B87 /* LaunchScreen.storyboard */,
			);
			path = Views;
			sourceTree = "<group>";
		};
		4A4BD7DB27FF6258009F6B87 /* Controllers */ = {
			isa = PBXGroup;
			children = (
				4A4BD7F427FF6DA4009F6B87 /* CoreTabs */,
				4A4BD7F627FF6DF8009F6B87 /* Posts */,
				4A4BD7F527FF6DD0009F6B87 /* Auth */,
			);
			path = Controllers;
			sourceTree = "<group>";
		};
		4A4BD7DC27FF6263009F6B87 /* Utils */ = {
			isa = PBXGroup;
			children = (
				4A4BD7CE27FF5C13009F6B87 /* Assets.xcassets */,
				4A4BD7C527FF5C11009F6B87 /* AppDelegate.swift */,
				4A4BD7C727FF5C11009F6B87 /* SceneDelegate.swift */,
			);
			path = Utils;
			sourceTree = "<group>";
		};
		4A4BD7DD27FF6268009F6B87 /* Managers */ = {
			isa = PBXGroup;
			children = (
				4A4BD7EC27FF66A8009F6B87 /* IAPManager.swift */,
				4A4BD7EE27FF66B6009F6B87 /* DatabaseManager.swift */,
				4A4BD7F027FF66C8009F6B87 /* AuthManager.swift */,
				4A4BD7F227FF6739009F6B87 /* StorageManager.swift */,
			);
			path = Managers;
			sourceTree = "<group>";
		};
		4A4BD7F427FF6DA4009F6B87 /* CoreTabs */ = {
			isa = PBXGroup;
			children = (
				4A4BD7C927FF5C11009F6B87 /* HomeViewController.swift */,
				4A4BD7DE27FF6363009F6B87 /* ProfileViewController.swift */,
				4A4BD7E027FF63A5009F6B87 /* TabBarViewController.swift */,
			);
			path = CoreTabs;
			sourceTree = "<group>";
		};
		4A4BD7F527FF6DD0009F6B87 /* Auth */ = {
			isa = PBXGroup;
			children = (
				4A4BD7E427FF643F009F6B87 /* SingInViewController.swift */,
				4A4BD7E627FF6452009F6B87 /* SignUpViewController.swift */,
			);
			path = Auth;
			sourceTree = "<group>";
		};
		4A4BD7F627FF6DF8009F6B87 /* Posts */ = {
			isa = PBXGroup;
			children = (
				4A4BD7E827FF6462009F6B87 /* ViewPostViewController.swift */,
				4A4BD7EA27FF6484009F6B87 /* CreateNewPostViewController.swift */,
			);
			path = Posts;
			sourceTree = "<group>";
		};
		A2A16BA82C3275DBC12E35F1 /* Frameworks */ = {
			isa = PBXGroup;
			children = (
				ED5F9335E0BF74E3326E5CB2 /* Pods_BlogApp.framework */,
			);
			name = Frameworks;
			sourceTree = "<group>";
		};
/* End PBXGroup section */

/* Begin PBXNativeTarget section */
		4A4BD7C127FF5C11009F6B87 /* BlogApp */ = {
			isa = PBXNativeTarget;
			buildConfigurationList = 4A4BD7D627FF5C13009F6B87 /* Build configuration list for PBXNativeTarget "BlogApp" */;
			buildPhases = (
				BAC5DEC56383F209F15A2AD2 /* [CP] Check Pods Manifest.lock */,
				4A4BD7BE27FF5C11009F6B87 /* Sources */,
				4A4BD7BF27FF5C11009F6B87 /* Frameworks */,
				4A4BD7C027FF5C11009F6B87 /* Resources */,
				0329A14FC69953F611039532 /* [CP] Embed Pods Frameworks */,
			);
			buildRules = (
			);
			dependencies = (
			);
			name = BlogApp;
			productName = BlogApp;
			productReference = 4A4BD7C227FF5C11009F6B87 /* BlogApp.app */;
			productType = "com.apple.product-type.application";
		};
/* End PBXNativeTarget section */

/* Begin PBXProject section */
		4A4BD7BA27FF5C11009F6B87 /* Project object */ = {
			isa = PBXProject;
			attributes = {
				BuildIndependentTargetsInParallel = 1;
				LastSwiftUpdateCheck = 1320;
				LastUpgradeCheck = 1320;
				TargetAttributes = {
					4A4BD7C127FF5C11009F6B87 = {
						CreatedOnToolsVersion = 13.2.1;
					};
				};
			};
			buildConfigurationList = 4A4BD7BD27FF5C11009F6B87 /* Build configuration list for PBXProject "BlogApp" */;
			compatibilityVersion = "Xcode 13.0";
			developmentRegion = en;
			hasScannedForEncodings = 0;
			knownRegions = (
				en,
				Base,
			);
			mainGroup = 4A4BD7B927FF5C11009F6B87;
			productRefGroup = 4A4BD7C327FF5C11009F6B87 /* Products */;
			projectDirPath = "";
			projectRoot = "";
			targets = (
				4A4BD7C127FF5C11009F6B87 /* BlogApp */,
			);
		};
/* End PBXProject section */

/* Begin PBXResourcesBuildPhase section */
		4A4BD7C027FF5C11009F6B87 /* Resources */ = {
			isa = PBXResourcesBuildPhase;
			buildActionMask = 2147483647;
			files = (
				4A4BD7D227FF5C13009F6B87 /* LaunchScreen.storyboard in Resources */,
				4A4BD7CF27FF5C13009F6B87 /* Assets.xcassets in Resources */,
			);
			runOnlyForDeploymentPostprocessing = 0;
		};
/* End PBXResourcesBuildPhase section */

/* Begin PBXShellScriptBuildPhase section */
		0329A14FC69953F611039532 /* [CP] Embed Pods Frameworks */ = {
			isa = PBXShellScriptBuildPhase;
			buildActionMask = 2147483647;
			files = (
			);
			inputFileListPaths = (
				"${PODS_ROOT}/Target Support Files/Pods-BlogApp/Pods-BlogApp-frameworks-${CONFIGURATION}-input-files.xcfilelist",
			);
			name = "[CP] Embed Pods Frameworks";
			outputFileListPaths = (
				"${PODS_ROOT}/Target Support Files/Pods-BlogApp/Pods-BlogApp-frameworks-${CONFIGURATION}-output-files.xcfilelist",
			);
			runOnlyForDeploymentPostprocessing = 0;
			shellPath = /bin/sh;
			shellScript = "\"${PODS_ROOT}/Target Support Files/Pods-BlogApp/Pods-BlogApp-frameworks.sh\"\n";
			showEnvVarsInLog = 0;
		};
		BAC5DEC56383F209F15A2AD2 /* [CP] Check Pods Manifest.lock */ = {
			isa = PBXShellScriptBuildPhase;
			buildActionMask = 2147483647;
			files = (
			);
			inputFileListPaths = (
			);
			inputPaths = (
				"${PODS_PODFILE_DIR_PATH}/Podfile.lock",
				"${PODS_ROOT}/Manifest.lock",
			);
			name = "[CP] Check Pods Manifest.lock";
			outputFileListPaths = (
			);
			outputPaths = (
				"$(DERIVED_FILE_DIR)/Pods-BlogApp-checkManifestLockResult.txt",
			);
			runOnlyForDeploymentPostprocessing = 0;
			shellPath = /bin/sh;
			shellScript = "diff \"${PODS_PODFILE_DIR_PATH}/Podfile.lock\" \"${PODS_ROOT}/Manifest.lock\" > /dev/null\nif [ $? != 0 ] ; then\n    # print error to STDERR\n    echo \"error: The sandbox is not in sync with the Podfile.lock. Run 'pod install' or update your CocoaPods installation.\" >&2\n    exit 1\nfi\n# This output is used by Xcode 'outputs' to avoid re-running this script phase.\necho \"SUCCESS\" > \"${SCRIPT_OUTPUT_FILE_0}\"\n";
			showEnvVarsInLog = 0;
		};
/* End PBXShellScriptBuildPhase section */

/* Begin PBXSourcesBuildPhase section */
		4A4BD7BE27FF5C11009F6B87 /* Sources */ = {
			isa = PBXSourcesBuildPhase;
			buildActionMask = 2147483647;
			files = (
				4A4BD7E527FF643F009F6B87 /* SingInViewController.swift in Sources */,
				4A4BD7F127FF66C8009F6B87 /* AuthManager.swift in Sources */,
				4A4BD7EF27FF66B6009F6B87 /* DatabaseManager.swift in Sources */,
				4A4BD7E727FF6452009F6B87 /* SignUpViewController.swift in Sources */,
				4A4BD7CA27FF5C11009F6B87 /* HomeViewController.swift in Sources */,
				4A4BD7C627FF5C11009F6B87 /* AppDelegate.swift in Sources */,
				4A4BD7DF27FF6363009F6B87 /* ProfileViewController.swift in Sources */,
				4A4BD7EB27FF6484009F6B87 /* CreateNewPostViewController.swift in Sources */,
				4A4BD7ED27FF66A8009F6B87 /* IAPManager.swift in Sources */,
				4A4BD7E127FF63A5009F6B87 /* TabBarViewController.swift in Sources */,
				4A4BD7C827FF5C11009F6B87 /* SceneDelegate.swift in Sources */,
				4A4BD7E927FF6462009F6B87 /* ViewPostViewController.swift in Sources */,
				4A4BD7F327FF6739009F6B87 /* StorageManager.swift in Sources */,
			);
			runOnlyForDeploymentPostprocessing = 0;
		};
/* End PBXSourcesBuildPhase section */

/* Begin PBXVariantGroup section */
		4A4BD7D027FF5C13009F6B87 /* LaunchScreen.storyboard */ = {
			isa = PBXVariantGroup;
			children = (
				4A4BD7D127FF5C13009F6B87 /* Base */,
			);
			name = LaunchScreen.storyboard;
			sourceTree = "<group>";
		};
/* End PBXVariantGroup section */

/* Begin XCBuildConfiguration section */
		4A4BD7D427FF5C13009F6B87 /* Debug */ = {
			isa = XCBuildConfiguration;
			buildSettings = {
				ALWAYS_SEARCH_USER_PATHS = NO;
				CLANG_ANALYZER_NONNULL = YES;
				CLANG_ANALYZER_NUMBER_OBJECT_CONVERSION = YES_AGGRESSIVE;
				CLANG_CXX_LANGUAGE_STANDARD = "gnu++17";
				CLANG_CXX_LIBRARY = "libc++";
				CLANG_ENABLE_MODULES = YES;
				CLANG_ENABLE_OBJC_ARC = YES;
				CLANG_ENABLE_OBJC_WEAK = YES;
				CLANG_WARN_BLOCK_CAPTURE_AUTORELEASING = YES;
				CLANG_WARN_BOOL_CONVERSION = YES;
				CLANG_WARN_COMMA = YES;
				CLANG_WARN_CONSTANT_CONVERSION = YES;
				CLANG_WARN_DEPRECATED_OBJC_IMPLEMENTATIONS = YES;
				CLANG_WARN_DIRECT_OBJC_ISA_USAGE = YES_ERROR;
				CLANG_WARN_DOCUMENTATION_COMMENTS = YES;
				CLANG_WARN_EMPTY_BODY = YES;
				CLANG_WARN_ENUM_CONVERSION = YES;
				CLANG_WARN_INFINITE_RECURSION = YES;
				CLANG_WARN_INT_CONVERSION = YES;
				CLANG_WARN_NON_LITERAL_NULL_CONVERSION = YES;
				CLANG_WARN_OBJC_IMPLICIT_RETAIN_SELF = YES;
				CLANG_WARN_OBJC_LITERAL_CONVERSION = YES;
				CLANG_WARN_OBJC_ROOT_CLASS = YES_ERROR;
				CLANG_WARN_QUOTED_INCLUDE_IN_FRAMEWORK_HEADER = YES;
				CLANG_WARN_RANGE_LOOP_ANALYSIS = YES;
				CLANG_WARN_STRICT_PROTOTYPES = YES;
				CLANG_WARN_SUSPICIOUS_MOVE = YES;
				CLANG_WARN_UNGUARDED_AVAILABILITY = YES_AGGRESSIVE;
				CLANG_WARN_UNREACHABLE_CODE = YES;
				CLANG_WARN__DUPLICATE_METHOD_MATCH = YES;
				COPY_PHASE_STRIP = NO;
				DEBUG_INFORMATION_FORMAT = dwarf;
				ENABLE_STRICT_OBJC_MSGSEND = YES;
				ENABLE_TESTABILITY = YES;
				GCC_C_LANGUAGE_STANDARD = gnu11;
				GCC_DYNAMIC_NO_PIC = NO;
				GCC_NO_COMMON_BLOCKS = YES;
				GCC_OPTIMIZATION_LEVEL = 0;
				GCC_PREPROCESSOR_DEFINITIONS = (
					"DEBUG=1",
					"$(inherited)",
				);
				GCC_WARN_64_TO_32_BIT_CONVERSION = YES;
				GCC_WARN_ABOUT_RETURN_TYPE = YES_ERROR;
				GCC_WARN_UNDECLARED_SELECTOR = YES;
				GCC_WARN_UNINITIALIZED_AUTOS = YES_AGGRESSIVE;
				GCC_WARN_UNUSED_FUNCTION = YES;
				GCC_WARN_UNUSED_VARIABLE = YES;
				IPHONEOS_DEPLOYMENT_TARGET = 15.2;
				MTL_ENABLE_DEBUG_INFO = INCLUDE_SOURCE;
				MTL_FAST_MATH = YES;
				ONLY_ACTIVE_ARCH = YES;
				SDKROOT = iphoneos;
				SWIFT_ACTIVE_COMPILATION_CONDITIONS = DEBUG;
				SWIFT_OPTIMIZATION_LEVEL = "-Onone";
			};
			name = Debug;
		};
		4A4BD7D527FF5C13009F6B87 /* Release */ = {
			isa = XCBuildConfiguration;
			buildSettings = {
				ALWAYS_SEARCH_USER_PATHS = NO;
				CLANG_ANALYZER_NONNULL = YES;
				CLANG_ANALYZER_NUMBER_OBJECT_CONVERSION = YES_AGGRESSIVE;
				CLANG_CXX_LANGUAGE_STANDARD = "gnu++17";
				CLANG_CXX_LIBRARY = "libc++";
				CLANG_ENABLE_MODULES = YES;
				CLANG_ENABLE_OBJC_ARC = YES;
				CLANG_ENABLE_OBJC_WEAK = YES;
				CLANG_WARN_BLOCK_CAPTURE_AUTORELEASING = YES;
				CLANG_WARN_BOOL_CONVERSION = YES;
				CLANG_WARN_COMMA = YES;
				CLANG_WARN_CONSTANT_CONVERSION = YES;
				CLANG_WARN_DEPRECATED_OBJC_IMPLEMENTATIONS = YES;
				CLANG_WARN_DIRECT_OBJC_ISA_USAGE = YES_ERROR;
				CLANG_WARN_DOCUMENTATION_COMMENTS = YES;
				CLANG_WARN_EMPTY_BODY = YES;
				CLANG_WARN_ENUM_CONVERSION = YES;
				CLANG_WARN_INFINITE_RECURSION = YES;
				CLANG_WARN_INT_CONVERSION = YES;
				CLANG_WARN_NON_LITERAL_NULL_CONVERSION = YES;
				CLANG_WARN_OBJC_IMPLICIT_RETAIN_SELF = YES;
				CLANG_WARN_OBJC_LITERAL_CONVERSION = YES;
				CLANG_WARN_OBJC_ROOT_CLASS = YES_ERROR;
				CLANG_WARN_QUOTED_INCLUDE_IN_FRAMEWORK_HEADER = YES;
				CLANG_WARN_RANGE_LOOP_ANALYSIS = YES;
				CLANG_WARN_STRICT_PROTOTYPES = YES;
				CLANG_WARN_SUSPICIOUS_MOVE = YES;
				CLANG_WARN_UNGUARDED_AVAILABILITY = YES_AGGRESSIVE;
				CLANG_WARN_UNREACHABLE_CODE = YES;
				CLANG_WARN__DUPLICATE_METHOD_MATCH = YES;
				COPY_PHASE_STRIP = NO;
				DEBUG_INFORMATION_FORMAT = "dwarf-with-dsym";
				ENABLE_NS_ASSERTIONS = NO;
				ENABLE_STRICT_OBJC_MSGSEND = YES;
				GCC_C_LANGUAGE_STANDARD = gnu11;
				GCC_NO_COMMON_BLOCKS = YES;
				GCC_WARN_64_TO_32_BIT_CONVERSION = YES;
				GCC_WARN_ABOUT_RETURN_TYPE = YES_ERROR;
				GCC_WARN_UNDECLARED_SELECTOR = YES;
				GCC_WARN_UNINITIALIZED_AUTOS = YES_AGGRESSIVE;
				GCC_WARN_UNUSED_FUNCTION = YES;
				GCC_WARN_UNUSED_VARIABLE = YES;
				IPHONEOS_DEPLOYMENT_TARGET = 15.2;
				MTL_ENABLE_DEBUG_INFO = NO;
				MTL_FAST_MATH = YES;
				SDKROOT = iphoneos;
				SWIFT_COMPILATION_MODE = wholemodule;
				SWIFT_OPTIMIZATION_LEVEL = "-O";
				VALIDATE_PRODUCT = YES;
			};
			name = Release;
		};
		4A4BD7D727FF5C13009F6B87 /* Debug */ = {
			isa = XCBuildConfiguration;
			baseConfigurationReference = 86AA1EF3386DF361F24039C0 /* Pods-BlogApp.debug.xcconfig */;
			buildSettings = {
				ASSETCATALOG_COMPILER_APPICON_NAME = AppIcon;
				ASSETCATALOG_COMPILER_GLOBAL_ACCENT_COLOR_NAME = AccentColor;
				CODE_SIGN_STYLE = Automatic;
				CURRENT_PROJECT_VERSION = 1;
				DEVELOPMENT_TEAM = GGBN9Z4A4W;
				GENERATE_INFOPLIST_FILE = YES;
				INFOPLIST_FILE = BlogApp/Info.plist;
				INFOPLIST_KEY_UIApplicationSupportsIndirectInputEvents = YES;
				INFOPLIST_KEY_UILaunchStoryboardName = LaunchScreen;
				INFOPLIST_KEY_UISupportedInterfaceOrientations = "UIInterfaceOrientationPortrait UIInterfaceOrientationLandscapeRight";
				INFOPLIST_KEY_UISupportedInterfaceOrientations_iPad = "UIInterfaceOrientationPortrait UIInterfaceOrientationPortraitUpsideDown UIInterfaceOrientationLandscapeLeft UIInterfaceOrientationLandscapeRight";
				INFOPLIST_KEY_UISupportedInterfaceOrientations_iPhone = "UIInterfaceOrientationPortrait UIInterfaceOrientationLandscapeLeft UIInterfaceOrientationLandscapeRight";
				IPHONEOS_DEPLOYMENT_TARGET = 13.6;
				LD_RUNPATH_SEARCH_PATHS = (
					"$(inherited)",
					"@executable_path/Frameworks",
				);
				MARKETING_VERSION = 1.0;
				PRODUCT_BUNDLE_IDENTIFIER = com.burakemregundes.BlogApp;
				PRODUCT_NAME = "$(TARGET_NAME)";
				SWIFT_EMIT_LOC_STRINGS = YES;
				SWIFT_VERSION = 5.0;
				TARGETED_DEVICE_FAMILY = 1;
			};
			name = Debug;
		};
		4A4BD7D827FF5C13009F6B87 /* Release */ = {
			isa = XCBuildConfiguration;
			baseConfigurationReference = D039952415B72C489A3FE522 /* Pods-BlogApp.release.xcconfig */;
			buildSettings = {
				ASSETCATALOG_COMPILER_APPICON_NAME = AppIcon;
				ASSETCATALOG_COMPILER_GLOBAL_ACCENT_COLOR_NAME = AccentColor;
				CODE_SIGN_STYLE = Automatic;
				CURRENT_PROJECT_VERSION = 1;
				DEVELOPMENT_TEAM = GGBN9Z4A4W;
				GENERATE_INFOPLIST_FILE = YES;
				INFOPLIST_FILE = BlogApp/Info.plist;
				INFOPLIST_KEY_UIApplicationSupportsIndirectInputEvents = YES;
				INFOPLIST_KEY_UILaunchStoryboardName = LaunchScreen;
				INFOPLIST_KEY_UISupportedInterfaceOrientations = "UIInterfaceOrientationPortrait UIInterfaceOrientationLandscapeRight";
				INFOPLIST_KEY_UISupportedInterfaceOrientations_iPad = "UIInterfaceOrientationPortrait UIInterfaceOrientationPortraitUpsideDown UIInterfaceOrientationLandscapeLeft UIInterfaceOrientationLandscapeRight";
				INFOPLIST_KEY_UISupportedInterfaceOrientations_iPhone = "UIInterfaceOrientationPortrait UIInterfaceOrientationLandscapeLeft UIInterfaceOrientationLandscapeRight";
				IPHONEOS_DEPLOYMENT_TARGET = 13.6;
				LD_RUNPATH_SEARCH_PATHS = (
					"$(inherited)",
					"@executable_path/Frameworks",
				);
				MARKETING_VERSION = 1.0;
				PRODUCT_BUNDLE_IDENTIFIER = com.burakemregundes.BlogApp;
				PRODUCT_NAME = "$(TARGET_NAME)";
				SWIFT_EMIT_LOC_STRINGS = YES;
				SWIFT_VERSION = 5.0;
				TARGETED_DEVICE_FAMILY = 1;
			};
			name = Release;
		};
/* End XCBuildConfiguration section */

/* Begin XCConfigurationList section */
		4A4BD7BD27FF5C11009F6B87 /* Build configuration list for PBXProject "BlogApp" */ = {
			isa = XCConfigurationList;
			buildConfigurations = (
				4A4BD7D427FF5C13009F6B87 /* Debug */,
				4A4BD7D527FF5C13009F6B87 /* Release */,
			);
			defaultConfigurationIsVisible = 0;
			defaultConfigurationName = Release;
		};
		4A4BD7D627FF5C13009F6B87 /* Build configuration list for PBXNativeTarget "BlogApp" */ = {
			isa = XCConfigurationList;
			buildConfigurations = (
				4A4BD7D727FF5C13009F6B87 /* Debug */,
				4A4BD7D827FF5C13009F6B87 /* Release */,
			);
			defaultConfigurationIsVisible = 0;
			defaultConfigurationName = Release;
		};
/* End XCConfigurationList section */
	};
	rootObject = 4A4BD7BA27FF5C11009F6B87 /* Project object */;
}
